
Microsoft Visual Studio Solution File, Format Version 12.00
# Visual Studio Version 17
VisualStudioVersion = 17.4.33205.214
MinimumVisualStudioVersion = 10.0.40219.1
Project("{9A19103F-16F7-4668-BE54-9A1E7A4F7556}") = "EasyCashIdentityProject.EntityLayer", "EasyCashIdentityProject.EntityLayer\EasyCashIdentityProject.EntityLayer.csproj", "{A5A97DB5-057B-4BA7-8094-5CB77A90D18D}"
EndProject
Project("{9A19103F-16F7-4668-BE54-9A1E7A4F7556}") = "EasyCashIdentityProject.DataAccessLayer", "EasyCashIdentityProject.DataAccessLayer\EasyCashIdentityProject.DataAccessLayer.csproj", "{BBEEC00E-1427-40CC-9D13-D08A81FD9774}"
EndProject
Project("{9A19103F-16F7-4668-BE54-9A1E7A4F7556}") = "EasyCashIdentityProject.BusinessLayer", "EasyCashIdentityProject.BusinessLayer\EasyCashIdentityProject.BusinessLayer.csproj", "{C2398EDC-083A-4158-9557-1806FFCF72EC}"
EndProject
Project("{9A19103F-16F7-4668-BE54-9A1E7A4F7556}") = "EasyCashIdentityProject.DtoLayer", "EasyCashIdentityProject.DtoLayer\EasyCashIdentityProject.DtoLayer.csproj", "{1B400A43-EA59-48E9-B3A9-FCB25E05D507}"
EndProject
Project("{9A19103F-16F7-4668-BE54-9A1E7A4F7556}") = "EasyCashIdentityProject.presentationLayer", "EasyCashIdentityProject.presentationLayer\EasyCashIdentityProject.presentationLayer.csproj", "{7916CFFD-AAF3-4A1F-B199-A9E7B7750421}"
EndProject
Global
	GlobalSection(SolutionConfigurationPlatforms) = preSolution
		Debug|Any CPU = Debug|Any CPU
		Release|Any CPU = Release|Any CPU
	EndGlobalSection
	GlobalSection(ProjectConfigurationPlatforms) = postSolution
		{A5A97DB5-057B-4BA7-8094-5CB77A90D18D}.Debug|Any CPU.ActiveCfg = Debug|Any CPU
		{A5A97DB5-057B-4BA7-8094-5CB77A90D18D}.Debug|Any CPU.Build.0 = Debug|Any CPU
		{A5A97DB5-057B-4BA7-8094-5CB77A90D18D}.Release|Any CPU.ActiveCfg = Release|Any CPU
		{A5A97DB5-057B-4BA7-8094-5CB77A90D18D}.Release|Any CPU.Build.0 = Release|Any CPU
		{BBEEC00E-1427-40CC-9D13-D08A81FD9774}.Debug|Any CPU.ActiveCfg = Debug|Any CPU
		{BBEEC00E-1427-40CC-9D13-D08A81FD9774}.Debug|Any CPU.Build.0 = Debug|Any CPU
		{BBEEC00E-1427-40CC-9D13-D08A81FD9774}.Release|Any CPU.ActiveCfg = Release|Any CPU
		{BBEEC00E-1427-40CC-9D13-D08A81FD9774}.Release|Any CPU.Build.0 = Release|Any CPU
		{C2398EDC-083A-4158-9557-1806FFCF72EC}.Debug|Any CPU.ActiveCfg = Debug|Any CPU
		{C2398EDC-083A-4158-9557-1806FFCF72EC}.Debug|Any CPU.Build.0 = Debug|Any CPU
		{C2398EDC-083A-4158-9557-1806FFCF72EC}.Release|Any CPU.ActiveCfg = Release|Any CPU
		{C2398EDC-083A-4158-9557-1806FFCF72EC}.Release|Any CPU.Build.0 = Release|Any CPU
		{1B400A43-EA59-48E9-B3A9-FCB25E05D507}.Debug|Any CPU.ActiveCfg = Debug|Any CPU
		{1B400A43-EA59-48E9-B3A9-FCB25E05D507}.Debug|Any CPU.Build.0 = Debug|Any CPU
		{1B400A43-EA59-48E9-B3A9-FCB25E05D507}.Release|Any CPU.ActiveCfg = Release|Any CPU
		{1B400A43-EA59-48E9-B3A9-FCB25E05D507}.Release|Any CPU.Build.0 = Release|Any CPU
		{7916CFFD-AAF3-4A1F-B199-A9E7B7750421}.Debug|Any CPU.ActiveCfg = Debug|Any CPU
		{7916CFFD-AAF3-4A1F-B199-A9E7B7750421}.Debug|Any CPU.Build.0 = Debug|Any CPU
		{7916CFFD-AAF3-4A1F-B199-A9E7B7750421}.Release|Any CPU.ActiveCfg = Release|Any CPU
		{7916CFFD-AAF3-4A1F-B199-A9E7B7750421}.Release|Any CPU.Build.0 = Release|Any CPU
	EndGlobalSection
	GlobalSection(SolutionProperties) = preSolution
		HideSolutionNode = FALSE
	EndGlobalSection
	GlobalSection(ExtensibilityGlobals) = postSolution
		SolutionGuid = {0AE0E24A-B0B8-4E6C-A1ED-A6F04F4138E8}
	EndGlobalSection
EndGlobal
